
Microsoft Visual Studio Solution File, Format Version 12.00
# Visual Studio Version 17
VisualStudioVersion = 17.14.36408.4 d17.14
MinimumVisualStudioVersion = 10.0.40219.1
Project("{FAE04EC0-301F-11D3-BF4B-00C04F79EFBC}") = "Composição Q2", "Composição Q2.csproj", "{9EA71098-1D35-45AB-8699-83F79BA6CDD7}"
EndProject
Global
	GlobalSection(SolutionConfigurationPlatforms) = preSolution
		Debug|Any CPU = Debug|Any CPU
		Release|Any CPU = Release|Any CPU
	EndGlobalSection
	GlobalSection(ProjectConfigurationPlatforms) = postSolution
		{9EA71098-1D35-45AB-8699-83F79BA6CDD7}.Debug|Any CPU.ActiveCfg = Debug|Any CPU
		{9EA71098-1D35-45AB-8699-83F79BA6CDD7}.Debug|Any CPU.Build.0 = Debug|Any CPU
		{9EA71098-1D35-45AB-8699-83F79BA6CDD7}.Release|Any CPU.ActiveCfg = Release|Any CPU
		{9EA71098-1D35-45AB-8699-83F79BA6CDD7}.Release|Any CPU.Build.0 = Release|Any CPU
	EndGlobalSection
	GlobalSection(SolutionProperties) = preSolution
		HideSolutionNode = FALSE
	EndGlobalSection
	GlobalSection(ExtensibilityGlobals) = postSolution
		SolutionGuid = {A8215CD0-873E-4F05-8DE3-BCFCD2C51BED}
	EndGlobalSection
EndGlobal
