
Microsoft Visual Studio Solution File, Format Version 12.00
# Visual Studio Version 17
VisualStudioVersion = 17.14.36408.4 d17.14
MinimumVisualStudioVersion = 10.0.40219.1
Project("{FAE04EC0-301F-11D3-BF4B-00C04F79EFBC}") = "Q3", "Q3.csproj", "{75AFF39F-A1B7-4644-8106-43B8FC13B14B}"
EndProject
Global
	GlobalSection(SolutionConfigurationPlatforms) = preSolution
		Debug|Any CPU = Debug|Any CPU
		Release|Any CPU = Release|Any CPU
	EndGlobalSection
	GlobalSection(ProjectConfigurationPlatforms) = postSolution
		{75AFF39F-A1B7-4644-8106-43B8FC13B14B}.Debug|Any CPU.ActiveCfg = Debug|Any CPU
		{75AFF39F-A1B7-4644-8106-43B8FC13B14B}.Debug|Any CPU.Build.0 = Debug|Any CPU
		{75AFF39F-A1B7-4644-8106-43B8FC13B14B}.Release|Any CPU.ActiveCfg = Release|Any CPU
		{75AFF39F-A1B7-4644-8106-43B8FC13B14B}.Release|Any CPU.Build.0 = Release|Any CPU
	EndGlobalSection
	GlobalSection(SolutionProperties) = preSolution
		HideSolutionNode = FALSE
	EndGlobalSection
	GlobalSection(ExtensibilityGlobals) = postSolution
		SolutionGuid = {9461E032-9A52-4D8B-90AD-E52622C726C8}
	EndGlobalSection
EndGlobal
