
Microsoft Visual Studio Solution File, Format Version 12.00
# Visual Studio Version 17
VisualStudioVersion = 17.14.36408.4 d17.14
MinimumVisualStudioVersion = 10.0.40219.1
Project("{FAE04EC0-301F-11D3-BF4B-00C04F79EFBC}") = "Herança Q1", "Herança Q1.csproj", "{CEE91B8B-535B-4004-8261-22CF5778EB5E}"
EndProject
Global
	GlobalSection(SolutionConfigurationPlatforms) = preSolution
		Debug|Any CPU = Debug|Any CPU
		Release|Any CPU = Release|Any CPU
	EndGlobalSection
	GlobalSection(ProjectConfigurationPlatforms) = postSolution
		{CEE91B8B-535B-4004-8261-22CF5778EB5E}.Debug|Any CPU.ActiveCfg = Debug|Any CPU
		{CEE91B8B-535B-4004-8261-22CF5778EB5E}.Debug|Any CPU.Build.0 = Debug|Any CPU
		{CEE91B8B-535B-4004-8261-22CF5778EB5E}.Release|Any CPU.ActiveCfg = Release|Any CPU
		{CEE91B8B-535B-4004-8261-22CF5778EB5E}.Release|Any CPU.Build.0 = Release|Any CPU
	EndGlobalSection
	GlobalSection(SolutionProperties) = preSolution
		HideSolutionNode = FALSE
	EndGlobalSection
	GlobalSection(ExtensibilityGlobals) = postSolution
		SolutionGuid = {5A3F2C81-8AFD-4222-9683-E10CF60AE8AA}
	EndGlobalSection
EndGlobal
