
Microsoft Visual Studio Solution File, Format Version 12.00
# Visual Studio Version 17
VisualStudioVersion = 17.14.36408.4 d17.14
MinimumVisualStudioVersion = 10.0.40219.1
Project("{FAE04EC0-301F-11D3-BF4B-00C04F79EFBC}") = "InterfacesQ3", "InterfacesQ3.csproj", "{CEF57253-48C8-4BAF-842B-CD199FBFCD3C}"
EndProject
Global
	GlobalSection(SolutionConfigurationPlatforms) = preSolution
		Debug|Any CPU = Debug|Any CPU
		Release|Any CPU = Release|Any CPU
	EndGlobalSection
	GlobalSection(ProjectConfigurationPlatforms) = postSolution
		{CEF57253-48C8-4BAF-842B-CD199FBFCD3C}.Debug|Any CPU.ActiveCfg = Debug|Any CPU
		{CEF57253-48C8-4BAF-842B-CD199FBFCD3C}.Debug|Any CPU.Build.0 = Debug|Any CPU
		{CEF57253-48C8-4BAF-842B-CD199FBFCD3C}.Release|Any CPU.ActiveCfg = Release|Any CPU
		{CEF57253-48C8-4BAF-842B-CD199FBFCD3C}.Release|Any CPU.Build.0 = Release|Any CPU
	EndGlobalSection
	GlobalSection(SolutionProperties) = preSolution
		HideSolutionNode = FALSE
	EndGlobalSection
	GlobalSection(ExtensibilityGlobals) = postSolution
		SolutionGuid = {0CDA9CD5-7ADE-4251-85AD-EB9D3D2405D6}
	EndGlobalSection
EndGlobal
